
Microsoft Visual Studio Solution File, Format Version 12.00
# Visual Studio Version 17
VisualStudioVersion = 17.14.36908.2
MinimumVisualStudioVersion = 10.0.40219.1
Project("{8BC9CEB8-8B4A-11D0-8D11-00A0C91BC942}") = "CompilerTest", "CompilerTest\CompilerTest.vcxproj", "{93881A34-04B1-4B61-8587-05917835A498}"
EndProject
Project("{8BC9CEB8-8B4A-11D0-8D11-00A0C91BC942}") = "InlineFunction", "InlineFunction\InlineFunction.vcxproj", "{5D2EF678-DA3B-4923-A7E4-5928759953E4}"
EndProject
Project("{8BC9CEB8-8B4A-11D0-8D11-00A0C91BC942}") = "Pointer", "Pointer\Pointer.vcxproj", "{43C05938-4176-4A89-A049-11D4BA635B60}"
EndProject
Global
	GlobalSection(SolutionConfigurationPlatforms) = preSolution
		Debug|x64 = Debug|x64
		Debug|x86 = Debug|x86
		Release|x64 = Release|x64
		Release|x86 = Release|x86
	EndGlobalSection
	GlobalSection(ProjectConfigurationPlatforms) = postSolution
		{93881A34-04B1-4B61-8587-05917835A498}.Debug|x64.ActiveCfg = Debug|x64
		{93881A34-04B1-4B61-8587-05917835A498}.Debug|x64.Build.0 = Debug|x64
		{93881A34-04B1-4B61-8587-05917835A498}.Debug|x86.ActiveCfg = Debug|Win32
		{93881A34-04B1-4B61-8587-05917835A498}.Debug|x86.Build.0 = Debug|Win32
		{93881A34-04B1-4B61-8587-05917835A498}.Release|x64.ActiveCfg = Release|x64
		{93881A34-04B1-4B61-8587-05917835A498}.Release|x64.Build.0 = Release|x64
		{93881A34-04B1-4B61-8587-05917835A498}.Release|x86.ActiveCfg = Release|Win32
		{93881A34-04B1-4B61-8587-05917835A498}.Release|x86.Build.0 = Release|Win32
		{5D2EF678-DA3B-4923-A7E4-5928759953E4}.Debug|x64.ActiveCfg = Debug|x64
		{5D2EF678-DA3B-4923-A7E4-5928759953E4}.Debug|x64.Build.0 = Debug|x64
		{5D2EF678-DA3B-4923-A7E4-5928759953E4}.Debug|x86.ActiveCfg = Debug|Win32
		{5D2EF678-DA3B-4923-A7E4-5928759953E4}.Debug|x86.Build.0 = Debug|Win32
		{5D2EF678-DA3B-4923-A7E4-5928759953E4}.Release|x64.ActiveCfg = Release|x64
		{5D2EF678-DA3B-4923-A7E4-5928759953E4}.Release|x64.Build.0 = Release|x64
		{5D2EF678-DA3B-4923-A7E4-5928759953E4}.Release|x86.ActiveCfg = Release|Win32
		{5D2EF678-DA3B-4923-A7E4-5928759953E4}.Release|x86.Build.0 = Release|Win32
		{43C05938-4176-4A89-A049-11D4BA635B60}.Debug|x64.ActiveCfg = Debug|x64
		{43C05938-4176-4A89-A049-11D4BA635B60}.Debug|x64.Build.0 = Debug|x64
		{43C05938-4176-4A89-A049-11D4BA635B60}.Debug|x86.ActiveCfg = Debug|Win32
		{43C05938-4176-4A89-A049-11D4BA635B60}.Debug|x86.Build.0 = Debug|Win32
		{43C05938-4176-4A89-A049-11D4BA635B60}.Release|x64.ActiveCfg = Release|x64
		{43C05938-4176-4A89-A049-11D4BA635B60}.Release|x64.Build.0 = Release|x64
		{43C05938-4176-4A89-A049-11D4BA635B60}.Release|x86.ActiveCfg = Release|Win32
		{43C05938-4176-4A89-A049-11D4BA635B60}.Release|x86.Build.0 = Release|Win32
	EndGlobalSection
	GlobalSection(SolutionProperties) = preSolution
		HideSolutionNode = FALSE
	EndGlobalSection
	GlobalSection(ExtensibilityGlobals) = postSolution
		SolutionGuid = {41750A6C-B12C-417C-A20E-CBD64EF1F589}
	EndGlobalSection
EndGlobal
